// !$*UTF8*$!
{
	archiveVersion = 1;
	classes = {
	};
	objectVersion = 56;
	objects = {

/* Begin PBXBuildFile section */
		E85C6F882AFA9FC8000D81E9 /* SleepChart.swift in Sources */ = {isa = PBXBuildFile; fileRef = E85C6F872AFA9FC8000D81E9 /* SleepChart.swift */; };
		E85C6F8A2AFAAE31000D81E9 /* SleepChartViewController.swift in Sources */ = {isa = PBXBuildFile; fileRef = E85C6F892AFAAE31000D81E9 /* SleepChartViewController.swift */; };
		E85FEE412AE1621A00E59384 /* ViewModels.swift in Sources */ = {isa = PBXBuildFile; fileRef = E85FEE402AE1621A00E59384 /* ViewModels.swift */; };
		E863015B2B4EDFC100876059 /* CategoryCondensedChart.swift in Sources */ = {isa = PBXBuildFile; fileRef = E863015A2B4EDFC100876059 /* CategoryCondensedChart.swift */; };
		E863CAA52ABDE2030000E489 /* AppDelegate.swift in Sources */ = {isa = PBXBuildFile; fileRef = E863CAA42ABDE2030000E489 /* AppDelegate.swift */; };
		E863CAA72ABDE2030000E489 /* SceneDelegate.swift in Sources */ = {isa = PBXBuildFile; fileRef = E863CAA62ABDE2030000E489 /* SceneDelegate.swift */; };
		E863CAAC2ABDE2030000E489 /* Main.storyboard in Resources */ = {isa = PBXBuildFile; fileRef = E863CAAA2ABDE2030000E489 /* Main.storyboard */; };
		E863CAAF2ABDE2030000E489 /* MyHealth.xcdatamodeld in Sources */ = {isa = PBXBuildFile; fileRef = E863CAAD2ABDE2030000E489 /* MyHealth.xcdatamodeld */; };
		E863CAB12ABDE2040000E489 /* Assets.xcassets in Resources */ = {isa = PBXBuildFile; fileRef = E863CAB02ABDE2040000E489 /* Assets.xcassets */; };
		E863CAB42ABDE2040000E489 /* LaunchScreen.storyboard in Resources */ = {isa = PBXBuildFile; fileRef = E863CAB22ABDE2040000E489 /* LaunchScreen.storyboard */; };
		E863CABD2ABDE20E0000E489 /* HealthKit.framework in Frameworks */ = {isa = PBXBuildFile; fileRef = E863CABC2ABDE20E0000E489 /* HealthKit.framework */; };
		E863CABF2ABDF49C0000E489 /* HealthDisplayViewController.swift in Sources */ = {isa = PBXBuildFile; fileRef = E863CABE2ABDF49C0000E489 /* HealthDisplayViewController.swift */; };
		E863CAC12ABDF9730000E489 /* HealthData.swift in Sources */ = {isa = PBXBuildFile; fileRef = E863CAC02ABDF9730000E489 /* HealthData.swift */; };
		E863CAC32ABE00210000E489 /* EmptyDataBackgroundView.swift in Sources */ = {isa = PBXBuildFile; fileRef = E863CAC22ABE00210000E489 /* EmptyDataBackgroundView.swift */; };
		E865D0A72B1F7AA700092581 /* AddCategoryDataViewController.swift in Sources */ = {isa = PBXBuildFile; fileRef = E865D0A62B1F7AA700092581 /* AddCategoryDataViewController.swift */; };
		E865DE852AF3E87100958688 /* CategoriesViewController.swift in Sources */ = {isa = PBXBuildFile; fileRef = E865DE842AF3E87100958688 /* CategoriesViewController.swift */; };
		E865E1A72B23879000A80033 /* UserData.swift in Sources */ = {isa = PBXBuildFile; fileRef = E865E1A62B23879000A80033 /* UserData.swift */; };
		E865E1A92B23A97700A80033 /* ProfileViewController.swift in Sources */ = {isa = PBXBuildFile; fileRef = E865E1A82B23A97700A80033 /* ProfileViewController.swift */; };
		E866B0DC2AE082840005F747 /* HealthCategory.swift in Sources */ = {isa = PBXBuildFile; fileRef = E866B0DB2AE082840005F747 /* HealthCategory.swift */; };
		E866BF2D2AC1C7F4001F93DC /* quantityDataValue.swift in Sources */ = {isa = PBXBuildFile; fileRef = E866BF2C2AC1C7F4001F93DC /* quantityDataValue.swift */; };
		E866BF2F2AC1C8BE001F93DC /* HealthKitSupport.swift in Sources */ = {isa = PBXBuildFile; fileRef = E866BF2E2AC1C8BE001F93DC /* HealthKitSupport.swift */; };
		E86AAD532AD85DBC00BE6075 /* SummaryChartView.swift in Sources */ = {isa = PBXBuildFile; fileRef = E86AAD522AD85DBC00BE6075 /* SummaryChartView.swift */; };
		E86BC6DD2AE6B97B00782083 /* AddHealthDataViewController.swift in Sources */ = {isa = PBXBuildFile; fileRef = E86BC6DC2AE6B97B00782083 /* AddHealthDataViewController.swift */; };
		E86BC6DF2AE6B99700782083 /* AddBloodPressureViewController.swift in Sources */ = {isa = PBXBuildFile; fileRef = E86BC6DE2AE6B99700782083 /* AddBloodPressureViewController.swift */; };
		E86BDAC02AD04927000F3EB8 /* Support+Extension.swift in Sources */ = {isa = PBXBuildFile; fileRef = E86BDABF2AD04927000F3EB8 /* Support+Extension.swift */; };
		E86BDAC22AD04C5B000F3EB8 /* AvailableDataTypeTableViewCell.swift in Sources */ = {isa = PBXBuildFile; fileRef = E86BDAC12AD04C5B000F3EB8 /* AvailableDataTypeTableViewCell.swift */; };
		E86C86882ACC78BF0059B538 /* HealthTypeTableViewCell.swift in Sources */ = {isa = PBXBuildFile; fileRef = E86C86872ACC78BF0059B538 /* HealthTypeTableViewCell.swift */; };
		E86C868C2ACCB5DD0059B538 /* HealthChartView.swift in Sources */ = {isa = PBXBuildFile; fileRef = E86C868B2ACCB5DD0059B538 /* HealthChartView.swift */; };
		E86CEA042AFD88BC007D9F86 /* AuthorizeViewController.swift in Sources */ = {isa = PBXBuildFile; fileRef = E86CEA032AFD88BC007D9F86 /* AuthorizeViewController.swift */; };
		E8728FA52B616A590053BAA6 /* PDFCreator.swift in Sources */ = {isa = PBXBuildFile; fileRef = E8728FA42B616A590053BAA6 /* PDFCreator.swift */; };
		E87553E02AC751B3000996D9 /* HealthTypesTableViewController.swift in Sources */ = {isa = PBXBuildFile; fileRef = E87553DF2AC751B2000996D9 /* HealthTypesTableViewController.swift */; };
		E876901A2B6003DF0020E4F9 /* PDFKit.framework in Frameworks */ = {isa = PBXBuildFile; fileRef = E87690192B6003DF0020E4F9 /* PDFKit.framework */; };
		E87690202B600A0A0020E4F9 /* SelectCategoryTableViewController.swift in Sources */ = {isa = PBXBuildFile; fileRef = E876901F2B600A0A0020E4F9 /* SelectCategoryTableViewController.swift */; };
		E87690222B600A1A0020E4F9 /* SelectTypesTableViewController.swift in Sources */ = {isa = PBXBuildFile; fileRef = E87690212B600A1A0020E4F9 /* SelectTypesTableViewController.swift */; };
		E87690242B600A670020E4F9 /* PDFPreviewViewController.swift in Sources */ = {isa = PBXBuildFile; fileRef = E87690232B600A670020E4F9 /* PDFPreviewViewController.swift */; };
		E87868DE2B5EE199007BF4E0 /* PDFPageViewController.swift in Sources */ = {isa = PBXBuildFile; fileRef = E87868DD2B5EE199007BF4E0 /* PDFPageViewController.swift */; };
		E8794F5F2B2B43C0007DCEE1 /* CategorySingleValueChart.swift in Sources */ = {isa = PBXBuildFile; fileRef = E8794F5E2B2B43C0007DCEE1 /* CategorySingleValueChart.swift */; };
		E87AE53F2B20E462004A09EB /* CategoryDataTableViewCell.swift in Sources */ = {isa = PBXBuildFile; fileRef = E87AE53E2B20E462004A09EB /* CategoryDataTableViewCell.swift */; };
		E87AE5412B21130F004A09EB /* HealthDataValue.swift in Sources */ = {isa = PBXBuildFile; fileRef = E87AE5402B21130F004A09EB /* HealthDataValue.swift */; };
		E883F8002B18FA0B00EE8157 /* CategoryTableViewController.swift in Sources */ = {isa = PBXBuildFile; fileRef = E883F7FF2B18FA0B00EE8157 /* CategoryTableViewController.swift */; };
		E883F8022B18FA2700EE8157 /* CategoryDisplayViewController.swift in Sources */ = {isa = PBXBuildFile; fileRef = E883F8012B18FA2700EE8157 /* CategoryDisplayViewController.swift */; };
		E883F8042B19384600EE8157 /* CategoryDataChart.swift in Sources */ = {isa = PBXBuildFile; fileRef = E883F8032B19384600EE8157 /* CategoryDataChart.swift */; };
		E883F8062B1A367900EE8157 /* categoryDataValue.swift in Sources */ = {isa = PBXBuildFile; fileRef = E883F8052B1A367900EE8157 /* categoryDataValue.swift */; };
		E8EDC5752B29F82B00B608AD /* SettingViewController.swift in Sources */ = {isa = PBXBuildFile; fileRef = E8EDC5742B29F82B00B608AD /* SettingViewController.swift */; };
/* End PBXBuildFile section */

/* Begin PBXFileReference section */
		E85C6F872AFA9FC8000D81E9 /* SleepChart.swift */ = {isa = PBXFileReference; lastKnownFileType = sourcecode.swift; path = SleepChart.swift; sourceTree = "<group>"; };
		E85C6F892AFAAE31000D81E9 /* SleepChartViewController.swift */ = {isa = PBXFileReference; lastKnownFileType = sourcecode.swift; path = SleepChartViewController.swift; sourceTree = "<group>"; };
		E85FEE402AE1621A00E59384 /* ViewModels.swift */ = {isa = PBXFileReference; lastKnownFileType = sourcecode.swift; path = ViewModels.swift; sourceTree = "<group>"; };
		E863015A2B4EDFC100876059 /* CategoryCondensedChart.swift */ = {isa = PBXFileReference; lastKnownFileType = sourcecode.swift; path = CategoryCondensedChart.swift; sourceTree = "<group>"; };
		E863CAA12ABDE2030000E489 /* MyHealth.app */ = {isa = PBXFileReference; explicitFileType = wrapper.application; includeInIndex = 0; path = MyHealth.app; sourceTree = BUILT_PRODUCTS_DIR; };
		E863CAA42ABDE2030000E489 /* AppDelegate.swift */ = {isa = PBXFileReference; lastKnownFileType = sourcecode.swift; path = AppDelegate.swift; sourceTree = "<group>"; };
		E863CAA62ABDE2030000E489 /* SceneDelegate.swift */ = {isa = PBXFileReference; lastKnownFileType = sourcecode.swift; path = SceneDelegate.swift; sourceTree = "<group>"; };
		E863CAAB2ABDE2030000E489 /* Base */ = {isa = PBXFileReference; lastKnownFileType = file.storyboard; name = Base; path = Base.lproj/Main.storyboard; sourceTree = "<group>"; };
		E863CAAE2ABDE2030000E489 /* MyHealth.xcdatamodel */ = {isa = PBXFileReference; lastKnownFileType = wrapper.xcdatamodel; path = MyHealth.xcdatamodel; sourceTree = "<group>"; };
		E863CAB02ABDE2040000E489 /* Assets.xcassets */ = {isa = PBXFileReference; lastKnownFileType = folder.assetcatalog; path = Assets.xcassets; sourceTree = "<group>"; };
		E863CAB32ABDE2040000E489 /* Base */ = {isa = PBXFileReference; lastKnownFileType = file.storyboard; name = Base; path = Base.lproj/LaunchScreen.storyboard; sourceTree = "<group>"; };
		E863CAB52ABDE2040000E489 /* Info.plist */ = {isa = PBXFileReference; lastKnownFileType = text.plist.xml; path = Info.plist; sourceTree = "<group>"; };
		E863CABC2ABDE20E0000E489 /* HealthKit.framework */ = {isa = PBXFileReference; lastKnownFileType = wrapper.framework; name = HealthKit.framework; path = System/Library/Frameworks/HealthKit.framework; sourceTree = SDKROOT; };
		E863CABE2ABDF49C0000E489 /* HealthDisplayViewController.swift */ = {isa = PBXFileReference; lastKnownFileType = sourcecode.swift; path = HealthDisplayViewController.swift; sourceTree = "<group>"; };
		E863CAC02ABDF9730000E489 /* HealthData.swift */ = {isa = PBXFileReference; lastKnownFileType = sourcecode.swift; path = HealthData.swift; sourceTree = "<group>"; };
		E863CAC22ABE00210000E489 /* EmptyDataBackgroundView.swift */ = {isa = PBXFileReference; lastKnownFileType = sourcecode.swift; path = EmptyDataBackgroundView.swift; sourceTree = "<group>"; };
		E865D0A62B1F7AA700092581 /* AddCategoryDataViewController.swift */ = {isa = PBXFileReference; lastKnownFileType = sourcecode.swift; path = AddCategoryDataViewController.swift; sourceTree = "<group>"; };
		E865DE842AF3E87100958688 /* CategoriesViewController.swift */ = {isa = PBXFileReference; lastKnownFileType = sourcecode.swift; path = CategoriesViewController.swift; sourceTree = "<group>"; };
		E865E1A62B23879000A80033 /* UserData.swift */ = {isa = PBXFileReference; lastKnownFileType = sourcecode.swift; path = UserData.swift; sourceTree = "<group>"; };
		E865E1A82B23A97700A80033 /* ProfileViewController.swift */ = {isa = PBXFileReference; lastKnownFileType = sourcecode.swift; path = ProfileViewController.swift; sourceTree = "<group>"; };
		E866B0DB2AE082840005F747 /* HealthCategory.swift */ = {isa = PBXFileReference; lastKnownFileType = sourcecode.swift; path = HealthCategory.swift; sourceTree = "<group>"; };
		E866BF2B2AC1C657001F93DC /* MyHealth.entitlements */ = {isa = PBXFileReference; lastKnownFileType = text.plist.entitlements; path = MyHealth.entitlements; sourceTree = "<group>"; };
		E866BF2C2AC1C7F4001F93DC /* quantityDataValue.swift */ = {isa = PBXFileReference; lastKnownFileType = sourcecode.swift; path = quantityDataValue.swift; sourceTree = "<group>"; };
		E866BF2E2AC1C8BE001F93DC /* HealthKitSupport.swift */ = {isa = PBXFileReference; lastKnownFileType = sourcecode.swift; path = HealthKitSupport.swift; sourceTree = "<group>"; };
		E86AAD522AD85DBC00BE6075 /* SummaryChartView.swift */ = {isa = PBXFileReference; lastKnownFileType = sourcecode.swift; path = SummaryChartView.swift; sourceTree = "<group>"; };
		E86BC6DC2AE6B97B00782083 /* AddHealthDataViewController.swift */ = {isa = PBXFileReference; lastKnownFileType = sourcecode.swift; path = AddHealthDataViewController.swift; sourceTree = "<group>"; };
		E86BC6DE2AE6B99700782083 /* AddBloodPressureViewController.swift */ = {isa = PBXFileReference; lastKnownFileType = sourcecode.swift; path = AddBloodPressureViewController.swift; sourceTree = "<group>"; };
		E86BDABF2AD04927000F3EB8 /* Support+Extension.swift */ = {isa = PBXFileReference; lastKnownFileType = sourcecode.swift; path = "Support+Extension.swift"; sourceTree = "<group>"; };
		E86BDAC12AD04C5B000F3EB8 /* AvailableDataTypeTableViewCell.swift */ = {isa = PBXFileReference; lastKnownFileType = sourcecode.swift; path = AvailableDataTypeTableViewCell.swift; sourceTree = "<group>"; };
		E86C86872ACC78BF0059B538 /* HealthTypeTableViewCell.swift */ = {isa = PBXFileReference; lastKnownFileType = sourcecode.swift; path = HealthTypeTableViewCell.swift; sourceTree = "<group>"; };
		E86C868B2ACCB5DD0059B538 /* HealthChartView.swift */ = {isa = PBXFileReference; lastKnownFileType = sourcecode.swift; path = HealthChartView.swift; sourceTree = "<group>"; };
		E86CEA032AFD88BC007D9F86 /* AuthorizeViewController.swift */ = {isa = PBXFileReference; lastKnownFileType = sourcecode.swift; path = AuthorizeViewController.swift; sourceTree = "<group>"; };
		E8728FA42B616A590053BAA6 /* PDFCreator.swift */ = {isa = PBXFileReference; lastKnownFileType = sourcecode.swift; path = PDFCreator.swift; sourceTree = "<group>"; };
		E87553DF2AC751B2000996D9 /* HealthTypesTableViewController.swift */ = {isa = PBXFileReference; lastKnownFileType = sourcecode.swift; path = HealthTypesTableViewController.swift; sourceTree = "<group>"; };
		E87690192B6003DF0020E4F9 /* PDFKit.framework */ = {isa = PBXFileReference; lastKnownFileType = wrapper.framework; name = PDFKit.framework; path = System/Library/Frameworks/PDFKit.framework; sourceTree = SDKROOT; };
		E876901F2B600A0A0020E4F9 /* SelectCategoryTableViewController.swift */ = {isa = PBXFileReference; lastKnownFileType = sourcecode.swift; path = SelectCategoryTableViewController.swift; sourceTree = "<group>"; };
		E87690212B600A1A0020E4F9 /* SelectTypesTableViewController.swift */ = {isa = PBXFileReference; lastKnownFileType = sourcecode.swift; path = SelectTypesTableViewController.swift; sourceTree = "<group>"; };
		E87690232B600A670020E4F9 /* PDFPreviewViewController.swift */ = {isa = PBXFileReference; lastKnownFileType = sourcecode.swift; path = PDFPreviewViewController.swift; sourceTree = "<group>"; };
		E87868DD2B5EE199007BF4E0 /* PDFPageViewController.swift */ = {isa = PBXFileReference; lastKnownFileType = sourcecode.swift; path = PDFPageViewController.swift; sourceTree = "<group>"; };
		E8794F5E2B2B43C0007DCEE1 /* CategorySingleValueChart.swift */ = {isa = PBXFileReference; lastKnownFileType = sourcecode.swift; path = CategorySingleValueChart.swift; sourceTree = "<group>"; };
		E87AE53E2B20E462004A09EB /* CategoryDataTableViewCell.swift */ = {isa = PBXFileReference; lastKnownFileType = sourcecode.swift; path = CategoryDataTableViewCell.swift; sourceTree = "<group>"; };
		E87AE5402B21130F004A09EB /* HealthDataValue.swift */ = {isa = PBXFileReference; lastKnownFileType = sourcecode.swift; path = HealthDataValue.swift; sourceTree = "<group>"; };
		E883F7FF2B18FA0B00EE8157 /* CategoryTableViewController.swift */ = {isa = PBXFileReference; lastKnownFileType = sourcecode.swift; path = CategoryTableViewController.swift; sourceTree = "<group>"; };
		E883F8012B18FA2700EE8157 /* CategoryDisplayViewController.swift */ = {isa = PBXFileReference; lastKnownFileType = sourcecode.swift; path = CategoryDisplayViewController.swift; sourceTree = "<group>"; };
		E883F8032B19384600EE8157 /* CategoryDataChart.swift */ = {isa = PBXFileReference; lastKnownFileType = sourcecode.swift; path = CategoryDataChart.swift; sourceTree = "<group>"; };
		E883F8052B1A367900EE8157 /* categoryDataValue.swift */ = {isa = PBXFileReference; lastKnownFileType = sourcecode.swift; path = categoryDataValue.swift; sourceTree = "<group>"; };
		E8EDC5742B29F82B00B608AD /* SettingViewController.swift */ = {isa = PBXFileReference; lastKnownFileType = sourcecode.swift; path = SettingViewController.swift; sourceTree = "<group>"; };
/* End PBXFileReference section */

/* Begin PBXFrameworksBuildPhase section */
		E863CA9E2ABDE2030000E489 /* Frameworks */ = {
			isa = PBXFrameworksBuildPhase;
			buildActionMask = 2147483647;
			files = (
				E876901A2B6003DF0020E4F9 /* PDFKit.framework in Frameworks */,
				E863CABD2ABDE20E0000E489 /* HealthKit.framework in Frameworks */,
			);
			runOnlyForDeploymentPostprocessing = 0;
		};
/* End PBXFrameworksBuildPhase section */

/* Begin PBXGroup section */
		E85FEE3F2AE161F800E59384 /* ViewModels */ = {
			isa = PBXGroup;
			children = (
				E863CAC02ABDF9730000E489 /* HealthData.swift */,
				E85FEE402AE1621A00E59384 /* ViewModels.swift */,
			);
			path = ViewModels;
			sourceTree = "<group>";
		};
		E863CA982ABDE2030000E489 = {
			isa = PBXGroup;
			children = (
				E863CAA32ABDE2030000E489 /* MyHealth */,
				E863CAA22ABDE2030000E489 /* Products */,
				E863CABB2ABDE20E0000E489 /* Frameworks */,
			);
			sourceTree = "<group>";
		};
		E863CAA22ABDE2030000E489 /* Products */ = {
			isa = PBXGroup;
			children = (
				E863CAA12ABDE2030000E489 /* MyHealth.app */,
			);
			name = Products;
			sourceTree = "<group>";
		};
		E863CAA32ABDE2030000E489 /* MyHealth */ = {
			isa = PBXGroup;
			children = (
				E866BF2B2AC1C657001F93DC /* MyHealth.entitlements */,
				E863CAA42ABDE2030000E489 /* AppDelegate.swift */,
				E863CAA62ABDE2030000E489 /* SceneDelegate.swift */,
				E86AAD4F2AD85D3500BE6075 /* ViewControllers */,
				E86AAD512AD85D8B00BE6075 /* Charts */,
				E86AAD502AD85D7F00BE6075 /* Cells */,
				E86AAD4E2AD85D1D00BE6075 /* Supports */,
				E86AAD4C2AD85CFF00BE6075 /* Models */,
				E85FEE3F2AE161F800E59384 /* ViewModels */,
				E8728FA42B616A590053BAA6 /* PDFCreator.swift */,
				E863CAAA2ABDE2030000E489 /* Main.storyboard */,
				E863CAB02ABDE2040000E489 /* Assets.xcassets */,
				E863CAB22ABDE2040000E489 /* LaunchScreen.storyboard */,
				E863CAB52ABDE2040000E489 /* Info.plist */,
				E863CAAD2ABDE2030000E489 /* MyHealth.xcdatamodeld */,
			);
			path = MyHealth;
			sourceTree = "<group>";
		};
		E863CABB2ABDE20E0000E489 /* Frameworks */ = {
			isa = PBXGroup;
			children = (
				E87690192B6003DF0020E4F9 /* PDFKit.framework */,
				E863CABC2ABDE20E0000E489 /* HealthKit.framework */,
			);
			name = Frameworks;
			sourceTree = "<group>";
		};
		E86AAD4C2AD85CFF00BE6075 /* Models */ = {
			isa = PBXGroup;
			children = (
				E866BF2C2AC1C7F4001F93DC /* quantityDataValue.swift */,
				E883F8052B1A367900EE8157 /* categoryDataValue.swift */,
				E866B0DB2AE082840005F747 /* HealthCategory.swift */,
				E87AE5402B21130F004A09EB /* HealthDataValue.swift */,
				E865E1A62B23879000A80033 /* UserData.swift */,
			);
			path = Models;
			sourceTree = "<group>";
		};
		E86AAD4E2AD85D1D00BE6075 /* Supports */ = {
			isa = PBXGroup;
			children = (
				E866BF2E2AC1C8BE001F93DC /* HealthKitSupport.swift */,
				E86BDABF2AD04927000F3EB8 /* Support+Extension.swift */,
			);
			path = Supports;
			sourceTree = "<group>";
		};
		E86AAD4F2AD85D3500BE6075 /* ViewControllers */ = {
			isa = PBXGroup;
			children = (
				E87430122B221EF800D999BF /* BrowsingView */,
				E87430112B221ED000D999BF /* AddDataView */,
				E87430102B221E9600D999BF /* DisplayHealthData */,
				E874300F2B221E6500D999BF /* ViewDataType */,
				E874300E2B221E3100D999BF /* Authorize */,
				E87690252B6028050020E4F9 /* PDF */,
				E87430132B221F1200D999BF /* Others */,
				E865E1A82B23A97700A80033 /* ProfileViewController.swift */,
				E8EDC5742B29F82B00B608AD /* SettingViewController.swift */,
			);
			path = ViewControllers;
			sourceTree = "<group>";
		};
		E86AAD502AD85D7F00BE6075 /* Cells */ = {
			isa = PBXGroup;
			children = (
				E86BDAC12AD04C5B000F3EB8 /* AvailableDataTypeTableViewCell.swift */,
				E86C86872ACC78BF0059B538 /* HealthTypeTableViewCell.swift */,
				E87AE53E2B20E462004A09EB /* CategoryDataTableViewCell.swift */,
			);
			path = Cells;
			sourceTree = "<group>";
		};
		E86AAD512AD85D8B00BE6075 /* Charts */ = {
			isa = PBXGroup;
			children = (
				E86C868B2ACCB5DD0059B538 /* HealthChartView.swift */,
				E86AAD522AD85DBC00BE6075 /* SummaryChartView.swift */,
				E85C6F872AFA9FC8000D81E9 /* SleepChart.swift */,
				E883F8032B19384600EE8157 /* CategoryDataChart.swift */,
				E8794F5E2B2B43C0007DCEE1 /* CategorySingleValueChart.swift */,
				E863015A2B4EDFC100876059 /* CategoryCondensedChart.swift */,
			);
			path = Charts;
			sourceTree = "<group>";
		};
		E874300E2B221E3100D999BF /* Authorize */ = {
			isa = PBXGroup;
			children = (
				E86CEA032AFD88BC007D9F86 /* AuthorizeViewController.swift */,
			);
			path = Authorize;
			sourceTree = "<group>";
		};
		E874300F2B221E6500D999BF /* ViewDataType */ = {
			isa = PBXGroup;
			children = (
				E87553DF2AC751B2000996D9 /* HealthTypesTableViewController.swift */,
				E883F7FF2B18FA0B00EE8157 /* CategoryTableViewController.swift */,
			);
			path = ViewDataType;
			sourceTree = "<group>";
		};
		E87430102B221E9600D999BF /* DisplayHealthData */ = {
			isa = PBXGroup;
			children = (
				E863CABE2ABDF49C0000E489 /* HealthDisplayViewController.swift */,
				E883F8012B18FA2700EE8157 /* CategoryDisplayViewController.swift */,
			);
			path = DisplayHealthData;
			sourceTree = "<group>";
		};
		E87430112B221ED000D999BF /* AddDataView */ = {
			isa = PBXGroup;
			children = (
				E86BC6DC2AE6B97B00782083 /* AddHealthDataViewController.swift */,
				E86BC6DE2AE6B99700782083 /* AddBloodPressureViewController.swift */,
				E865D0A62B1F7AA700092581 /* AddCategoryDataViewController.swift */,
			);
			path = AddDataView;
			sourceTree = "<group>";
		};
		E87430122B221EF800D999BF /* BrowsingView */ = {
			isa = PBXGroup;
			children = (
				E865DE842AF3E87100958688 /* CategoriesViewController.swift */,
			);
			path = BrowsingView;
			sourceTree = "<group>";
		};
		E87430132B221F1200D999BF /* Others */ = {
			isa = PBXGroup;
			children = (
				E85C6F892AFAAE31000D81E9 /* SleepChartViewController.swift */,
				E863CAC22ABE00210000E489 /* EmptyDataBackgroundView.swift */,
			);
			path = Others;
			sourceTree = "<group>";
		};
		E87690252B6028050020E4F9 /* PDF */ = {
			isa = PBXGroup;
			children = (
				E87868DD2B5EE199007BF4E0 /* PDFPageViewController.swift */,
				E87690212B600A1A0020E4F9 /* SelectTypesTableViewController.swift */,
				E876901F2B600A0A0020E4F9 /* SelectCategoryTableViewController.swift */,
				E87690232B600A670020E4F9 /* PDFPreviewViewController.swift */,
			);
			path = PDF;
			sourceTree = "<group>";
		};
/* End PBXGroup section */

/* Begin PBXNativeTarget section */
		E863CAA02ABDE2030000E489 /* MyHealth */ = {
			isa = PBXNativeTarget;
			buildConfigurationList = E863CAB82ABDE2040000E489 /* Build configuration list for PBXNativeTarget "MyHealth" */;
			buildPhases = (
				E863CA9D2ABDE2030000E489 /* Sources */,
				E863CA9E2ABDE2030000E489 /* Frameworks */,
				E863CA9F2ABDE2030000E489 /* Resources */,
			);
			buildRules = (
			);
			dependencies = (
			);
			name = MyHealth;
			productName = MyHealth;
			productReference = E863CAA12ABDE2030000E489 /* MyHealth.app */;
			productType = "com.apple.product-type.application";
		};
/* End PBXNativeTarget section */

/* Begin PBXProject section */
		E863CA992ABDE2030000E489 /* Project object */ = {
			isa = PBXProject;
			attributes = {
				BuildIndependentTargetsInParallel = 1;
				LastSwiftUpdateCheck = 1500;
				LastUpgradeCheck = 1500;
				TargetAttributes = {
					E863CAA02ABDE2030000E489 = {
						CreatedOnToolsVersion = 15.0;
					};
				};
			};
			buildConfigurationList = E863CA9C2ABDE2030000E489 /* Build configuration list for PBXProject "MyHealth" */;
			compatibilityVersion = "Xcode 14.0";
			developmentRegion = en;
			hasScannedForEncodings = 0;
			knownRegions = (
				en,
				Base,
			);
			mainGroup = E863CA982ABDE2030000E489;
			productRefGroup = E863CAA22ABDE2030000E489 /* Products */;
			projectDirPath = "";
			projectRoot = "";
			targets = (
				E863CAA02ABDE2030000E489 /* MyHealth */,
			);
		};
/* End PBXProject section */

/* Begin PBXResourcesBuildPhase section */
		E863CA9F2ABDE2030000E489 /* Resources */ = {
			isa = PBXResourcesBuildPhase;
			buildActionMask = 2147483647;
			files = (
				E863CAB42ABDE2040000E489 /* LaunchScreen.storyboard in Resources */,
				E863CAB12ABDE2040000E489 /* Assets.xcassets in Resources */,
				E863CAAC2ABDE2030000E489 /* Main.storyboard in Resources */,
			);
			runOnlyForDeploymentPostprocessing = 0;
		};
/* End PBXResourcesBuildPhase section */

/* Begin PBXSourcesBuildPhase section */
		E863CA9D2ABDE2030000E489 /* Sources */ = {
			isa = PBXSourcesBuildPhase;
			buildActionMask = 2147483647;
			files = (
				E863015B2B4EDFC100876059 /* CategoryCondensedChart.swift in Sources */,
				E86AAD532AD85DBC00BE6075 /* SummaryChartView.swift in Sources */,
				E87690222B600A1A0020E4F9 /* SelectTypesTableViewController.swift in Sources */,
				E86BDAC02AD04927000F3EB8 /* Support+Extension.swift in Sources */,
				E87690242B600A670020E4F9 /* PDFPreviewViewController.swift in Sources */,
				E86CEA042AFD88BC007D9F86 /* AuthorizeViewController.swift in Sources */,
				E866B0DC2AE082840005F747 /* HealthCategory.swift in Sources */,
				E865DE852AF3E87100958688 /* CategoriesViewController.swift in Sources */,
				E863CABF2ABDF49C0000E489 /* HealthDisplayViewController.swift in Sources */,
				E863CAAF2ABDE2030000E489 /* MyHealth.xcdatamodeld in Sources */,
				E85C6F882AFA9FC8000D81E9 /* SleepChart.swift in Sources */,
				E8728FA52B616A590053BAA6 /* PDFCreator.swift in Sources */,
				E85C6F8A2AFAAE31000D81E9 /* SleepChartViewController.swift in Sources */,
				E866BF2F2AC1C8BE001F93DC /* HealthKitSupport.swift in Sources */,
				E87690202B600A0A0020E4F9 /* SelectCategoryTableViewController.swift in Sources */,
				E86C868C2ACCB5DD0059B538 /* HealthChartView.swift in Sources */,
				E863CAC12ABDF9730000E489 /* HealthData.swift in Sources */,
				E87868DE2B5EE199007BF4E0 /* PDFPageViewController.swift in Sources */,
				E865E1A92B23A97700A80033 /* ProfileViewController.swift in Sources */,
				E87AE5412B21130F004A09EB /* HealthDataValue.swift in Sources */,
				E87553E02AC751B3000996D9 /* HealthTypesTableViewController.swift in Sources */,
				E87AE53F2B20E462004A09EB /* CategoryDataTableViewCell.swift in Sources */,
				E85FEE412AE1621A00E59384 /* ViewModels.swift in Sources */,
				E86BC6DF2AE6B99700782083 /* AddBloodPressureViewController.swift in Sources */,
				E8794F5F2B2B43C0007DCEE1 /* CategorySingleValueChart.swift in Sources */,
				E883F8002B18FA0B00EE8157 /* CategoryTableViewController.swift in Sources */,
				E8EDC5752B29F82B00B608AD /* SettingViewController.swift in Sources */,
				E865E1A72B23879000A80033 /* UserData.swift in Sources */,
				E863CAA52ABDE2030000E489 /* AppDelegate.swift in Sources */,
				E865D0A72B1F7AA700092581 /* AddCategoryDataViewController.swift in Sources */,
				E883F8022B18FA2700EE8157 /* CategoryDisplayViewController.swift in Sources */,
				E86C86882ACC78BF0059B538 /* HealthTypeTableViewCell.swift in Sources */,
				E883F8062B1A367900EE8157 /* categoryDataValue.swift in Sources */,
				E883F8042B19384600EE8157 /* CategoryDataChart.swift in Sources */,
				E86BC6DD2AE6B97B00782083 /* AddHealthDataViewController.swift in Sources */,
				E866BF2D2AC1C7F4001F93DC /* quantityDataValue.swift in Sources */,
				E86BDAC22AD04C5B000F3EB8 /* AvailableDataTypeTableViewCell.swift in Sources */,
				E863CAA72ABDE2030000E489 /* SceneDelegate.swift in Sources */,
				E863CAC32ABE00210000E489 /* EmptyDataBackgroundView.swift in Sources */,
			);
			runOnlyForDeploymentPostprocessing = 0;
		};
/* End PBXSourcesBuildPhase section */

/* Begin PBXVariantGroup section */
		E863CAAA2ABDE2030000E489 /* Main.storyboard */ = {
			isa = PBXVariantGroup;
			children = (
				E863CAAB2ABDE2030000E489 /* Base */,
			);
			name = Main.storyboard;
			sourceTree = "<group>";
		};
		E863CAB22ABDE2040000E489 /* LaunchScreen.storyboard */ = {
			isa = PBXVariantGroup;
			children = (
				E863CAB32ABDE2040000E489 /* Base */,
			);
			name = LaunchScreen.storyboard;
			sourceTree = "<group>";
		};
/* End PBXVariantGroup section */

/* Begin XCBuildConfiguration section */
		E863CAB62ABDE2040000E489 /* Debug */ = {
			isa = XCBuildConfiguration;
			buildSettings = {
				ALWAYS_SEARCH_USER_PATHS = NO;
				ASSETCATALOG_COMPILER_GENERATE_SWIFT_ASSET_SYMBOL_EXTENSIONS = YES;
				CLANG_ANALYZER_NONNULL = YES;
				CLANG_ANALYZER_NUMBER_OBJECT_CONVERSION = YES_AGGRESSIVE;
				CLANG_CXX_LANGUAGE_STANDARD = "gnu++20";
				CLANG_ENABLE_MODULES = YES;
				CLANG_ENABLE_OBJC_ARC = YES;
				CLANG_ENABLE_OBJC_WEAK = YES;
				CLANG_WARN_BLOCK_CAPTURE_AUTORELEASING = YES;
				CLANG_WARN_BOOL_CONVERSION = YES;
				CLANG_WARN_COMMA = YES;
				CLANG_WARN_CONSTANT_CONVERSION = YES;
				CLANG_WARN_DEPRECATED_OBJC_IMPLEMENTATIONS = YES;
				CLANG_WARN_DIRECT_OBJC_ISA_USAGE = YES_ERROR;
				CLANG_WARN_DOCUMENTATION_COMMENTS = YES;
				CLANG_WARN_EMPTY_BODY = YES;
				CLANG_WARN_ENUM_CONVERSION = YES;
				CLANG_WARN_INFINITE_RECURSION = YES;
				CLANG_WARN_INT_CONVERSION = YES;
				CLANG_WARN_NON_LITERAL_NULL_CONVERSION = YES;
				CLANG_WARN_OBJC_IMPLICIT_RETAIN_SELF = YES;
				CLANG_WARN_OBJC_LITERAL_CONVERSION = YES;
				CLANG_WARN_OBJC_ROOT_CLASS = YES_ERROR;
				CLANG_WARN_QUOTED_INCLUDE_IN_FRAMEWORK_HEADER = YES;
				CLANG_WARN_RANGE_LOOP_ANALYSIS = YES;
				CLANG_WARN_STRICT_PROTOTYPES = YES;
				CLANG_WARN_SUSPICIOUS_MOVE = YES;
				CLANG_WARN_UNGUARDED_AVAILABILITY = YES_AGGRESSIVE;
				CLANG_WARN_UNREACHABLE_CODE = YES;
				CLANG_WARN__DUPLICATE_METHOD_MATCH = YES;
				COPY_PHASE_STRIP = NO;
				DEBUG_INFORMATION_FORMAT = dwarf;
				ENABLE_STRICT_OBJC_MSGSEND = YES;
				ENABLE_TESTABILITY = YES;
				ENABLE_USER_SCRIPT_SANDBOXING = YES;
				GCC_C_LANGUAGE_STANDARD = gnu17;
				GCC_DYNAMIC_NO_PIC = NO;
				GCC_NO_COMMON_BLOCKS = YES;
				GCC_OPTIMIZATION_LEVEL = 0;
				GCC_PREPROCESSOR_DEFINITIONS = (
					"DEBUG=1",
					"$(inherited)",
				);
				GCC_WARN_64_TO_32_BIT_CONVERSION = YES;
				GCC_WARN_ABOUT_RETURN_TYPE = YES_ERROR;
				GCC_WARN_UNDECLARED_SELECTOR = YES;
				GCC_WARN_UNINITIALIZED_AUTOS = YES_AGGRESSIVE;
				GCC_WARN_UNUSED_FUNCTION = YES;
				GCC_WARN_UNUSED_VARIABLE = YES;
				IPHONEOS_DEPLOYMENT_TARGET = 17.0;
				LOCALIZATION_PREFERS_STRING_CATALOGS = YES;
				MTL_ENABLE_DEBUG_INFO = INCLUDE_SOURCE;
				MTL_FAST_MATH = YES;
				ONLY_ACTIVE_ARCH = YES;
				SDKROOT = iphoneos;
				SWIFT_ACTIVE_COMPILATION_CONDITIONS = "DEBUG $(inherited)";
				SWIFT_OPTIMIZATION_LEVEL = "-Onone";
			};
			name = Debug;
		};
		E863CAB72ABDE2040000E489 /* Release */ = {
			isa = XCBuildConfiguration;
			buildSettings = {
				ALWAYS_SEARCH_USER_PATHS = NO;
				ASSETCATALOG_COMPILER_GENERATE_SWIFT_ASSET_SYMBOL_EXTENSIONS = YES;
				CLANG_ANALYZER_NONNULL = YES;
				CLANG_ANALYZER_NUMBER_OBJECT_CONVERSION = YES_AGGRESSIVE;
				CLANG_CXX_LANGUAGE_STANDARD = "gnu++20";
				CLANG_ENABLE_MODULES = YES;
				CLANG_ENABLE_OBJC_ARC = YES;
				CLANG_ENABLE_OBJC_WEAK = YES;
				CLANG_WARN_BLOCK_CAPTURE_AUTORELEASING = YES;
				CLANG_WARN_BOOL_CONVERSION = YES;
				CLANG_WARN_COMMA = YES;
				CLANG_WARN_CONSTANT_CONVERSION = YES;
				CLANG_WARN_DEPRECATED_OBJC_IMPLEMENTATIONS = YES;
				CLANG_WARN_DIRECT_OBJC_ISA_USAGE = YES_ERROR;
				CLANG_WARN_DOCUMENTATION_COMMENTS = YES;
				CLANG_WARN_EMPTY_BODY = YES;
				CLANG_WARN_ENUM_CONVERSION = YES;
				CLANG_WARN_INFINITE_RECURSION = YES;
				CLANG_WARN_INT_CONVERSION = YES;
				CLANG_WARN_NON_LITERAL_NULL_CONVERSION = YES;
				CLANG_WARN_OBJC_IMPLICIT_RETAIN_SELF = YES;
				CLANG_WARN_OBJC_LITERAL_CONVERSION = YES;
				CLANG_WARN_OBJC_ROOT_CLASS = YES_ERROR;
				CLANG_WARN_QUOTED_INCLUDE_IN_FRAMEWORK_HEADER = YES;
				CLANG_WARN_RANGE_LOOP_ANALYSIS = YES;
				CLANG_WARN_STRICT_PROTOTYPES = YES;
				CLANG_WARN_SUSPICIOUS_MOVE = YES;
				CLANG_WARN_UNGUARDED_AVAILABILITY = YES_AGGRESSIVE;
				CLANG_WARN_UNREACHABLE_CODE = YES;
				CLANG_WARN__DUPLICATE_METHOD_MATCH = YES;
				COPY_PHASE_STRIP = NO;
				DEBUG_INFORMATION_FORMAT = "dwarf-with-dsym";
				ENABLE_NS_ASSERTIONS = NO;
				ENABLE_STRICT_OBJC_MSGSEND = YES;
				ENABLE_USER_SCRIPT_SANDBOXING = YES;
				GCC_C_LANGUAGE_STANDARD = gnu17;
				GCC_NO_COMMON_BLOCKS = YES;
				GCC_WARN_64_TO_32_BIT_CONVERSION = YES;
				GCC_WARN_ABOUT_RETURN_TYPE = YES_ERROR;
				GCC_WARN_UNDECLARED_SELECTOR = YES;
				GCC_WARN_UNINITIALIZED_AUTOS = YES_AGGRESSIVE;
				GCC_WARN_UNUSED_FUNCTION = YES;
				GCC_WARN_UNUSED_VARIABLE = YES;
				IPHONEOS_DEPLOYMENT_TARGET = 17.0;
				LOCALIZATION_PREFERS_STRING_CATALOGS = YES;
				MTL_ENABLE_DEBUG_INFO = NO;
				MTL_FAST_MATH = YES;
				SDKROOT = iphoneos;
				SWIFT_COMPILATION_MODE = wholemodule;
				VALIDATE_PRODUCT = YES;
			};
			name = Release;
		};
		E863CAB92ABDE2040000E489 /* Debug */ = {
			isa = XCBuildConfiguration;
			buildSettings = {
				ASSETCATALOG_COMPILER_APPICON_NAME = AppIcon;
				ASSETCATALOG_COMPILER_GLOBAL_ACCENT_COLOR_NAME = AccentColor;
				CODE_SIGN_ENTITLEMENTS = MyHealth/MyHealth.entitlements;
				CODE_SIGN_STYLE = Automatic;
				CURRENT_PROJECT_VERSION = 1;
				DEVELOPMENT_TEAM = VKLXJ93678;
				GENERATE_INFOPLIST_FILE = YES;
				INFOPLIST_FILE = MyHealth/Info.plist;
				INFOPLIST_KEY_NSHealthShareUsageDescription = "Allow this app to share your Health data to doctors and clinicians.";
				INFOPLIST_KEY_NSHealthUpdateUsageDescription = "Allow this app to write health data provided from your doctor or clinician.";
				INFOPLIST_KEY_UIApplicationSupportsIndirectInputEvents = YES;
				INFOPLIST_KEY_UILaunchStoryboardName = LaunchScreen;
				INFOPLIST_KEY_UIMainStoryboardFile = Main;
				INFOPLIST_KEY_UISupportedInterfaceOrientations = UIInterfaceOrientationPortrait;
				INFOPLIST_KEY_UISupportedInterfaceOrientations_iPad = "UIInterfaceOrientationLandscapeLeft UIInterfaceOrientationLandscapeRight UIInterfaceOrientationPortrait UIInterfaceOrientationPortraitUpsideDown";
				IPHONEOS_DEPLOYMENT_TARGET = 17.0;
				LD_RUNPATH_SEARCH_PATHS = (
					"$(inherited)",
					"@executable_path/Frameworks",
				);
				MARKETING_VERSION = 1.0;
				PRODUCT_BUNDLE_IDENTIFIER = edu.louisville.HIVE.MyHealth;
				PRODUCT_NAME = "$(TARGET_NAME)";
				SWIFT_EMIT_LOC_STRINGS = YES;
				SWIFT_VERSION = 5.0;
				TARGETED_DEVICE_FAMILY = "1,2";
			};
			name = Debug;
		};
		E863CABA2ABDE2040000E489 /* Release */ = {
			isa = XCBuildConfiguration;
			buildSettings = {
				ASSETCATALOG_COMPILER_APPICON_NAME = AppIcon;
				ASSETCATALOG_COMPILER_GLOBAL_ACCENT_COLOR_NAME = AccentColor;
				CODE_SIGN_ENTITLEMENTS = MyHealth/MyHealth.entitlements;
				CODE_SIGN_STYLE = Automatic;
				CURRENT_PROJECT_VERSION = 1;
				DEVELOPMENT_TEAM = VKLXJ93678;
				GENERATE_INFOPLIST_FILE = YES;
				INFOPLIST_FILE = MyHealth/Info.plist;
				INFOPLIST_KEY_NSHealthShareUsageDescription = "Allow this app to share your Health data to doctors and clinicians.";
				INFOPLIST_KEY_NSHealthUpdateUsageDescription = "Allow this app to write health data provided from your doctor or clinician.";
				INFOPLIST_KEY_UIApplicationSupportsIndirectInputEvents = YES;
				INFOPLIST_KEY_UILaunchStoryboardName = LaunchScreen;
				INFOPLIST_KEY_UIMainStoryboardFile = Main;
				INFOPLIST_KEY_UISupportedInterfaceOrientations = UIInterfaceOrientationPortrait;
				INFOPLIST_KEY_UISupportedInterfaceOrientations_iPad = "UIInterfaceOrientationLandscapeLeft UIInterfaceOrientationLandscapeRight UIInterfaceOrientationPortrait UIInterfaceOrientationPortraitUpsideDown";
				IPHONEOS_DEPLOYMENT_TARGET = 17.0;
				LD_RUNPATH_SEARCH_PATHS = (
					"$(inherited)",
					"@executable_path/Frameworks",
				);
				MARKETING_VERSION = 1.0;
				PRODUCT_BUNDLE_IDENTIFIER = edu.louisville.HIVE.MyHealth;
				PRODUCT_NAME = "$(TARGET_NAME)";
				SWIFT_EMIT_LOC_STRINGS = YES;
				SWIFT_VERSION = 5.0;
				TARGETED_DEVICE_FAMILY = "1,2";
			};
			name = Release;
		};
/* End XCBuildConfiguration section */

/* Begin XCConfigurationList section */
		E863CA9C2ABDE2030000E489 /* Build configuration list for PBXProject "MyHealth" */ = {
			isa = XCConfigurationList;
			buildConfigurations = (
				E863CAB62ABDE2040000E489 /* Debug */,
				E863CAB72ABDE2040000E489 /* Release */,
			);
			defaultConfigurationIsVisible = 0;
			defaultConfigurationName = Release;
		};
		E863CAB82ABDE2040000E489 /* Build configuration list for PBXNativeTarget "MyHealth" */ = {
			isa = XCConfigurationList;
			buildConfigurations = (
				E863CAB92ABDE2040000E489 /* Debug */,
				E863CABA2ABDE2040000E489 /* Release */,
			);
			defaultConfigurationIsVisible = 0;
			defaultConfigurationName = Release;
		};
/* End XCConfigurationList section */

/* Begin XCVersionGroup section */
		E863CAAD2ABDE2030000E489 /* MyHealth.xcdatamodeld */ = {
			isa = XCVersionGroup;
			children = (
				E863CAAE2ABDE2030000E489 /* MyHealth.xcdatamodel */,
			);
			currentVersion = E863CAAE2ABDE2030000E489 /* MyHealth.xcdatamodel */;
			path = MyHealth.xcdatamodeld;
			sourceTree = "<group>";
			versionGroupType = wrapper.xcdatamodel;
		};
/* End XCVersionGroup section */
	};
	rootObject = E863CA992ABDE2030000E489 /* Project object */;
}
